
Microsoft Visual Studio Solution File, Format Version 12.00
# Visual Studio Version 17
VisualStudioVersion = 17.9.34622.214
MinimumVisualStudioVersion = 10.0.40219.1
Project("{FAE04EC0-301F-11D3-BF4B-00C04F79EFBC}") = "MVC", "MVC\MVC.csproj", "{0152C6E6-E185-4303-8309-AC771F53BACC}"
EndProject
Project("{FAE04EC0-301F-11D3-BF4B-00C04F79EFBC}") = "WebForm", "WebForm\WebForm.csproj", "{64D1A525-41B9-4C47-B6F2-D989A0019EA6}"
EndProject
Global
	GlobalSection(SolutionConfigurationPlatforms) = preSolution
		Debug|Any CPU = Debug|Any CPU
		Release|Any CPU = Release|Any CPU
	EndGlobalSection
	GlobalSection(ProjectConfigurationPlatforms) = postSolution
		{0152C6E6-E185-4303-8309-AC771F53BACC}.Debug|Any CPU.ActiveCfg = Debug|Any CPU
		{0152C6E6-E185-4303-8309-AC771F53BACC}.Debug|Any CPU.Build.0 = Debug|Any CPU
		{0152C6E6-E185-4303-8309-AC771F53BACC}.Release|Any CPU.ActiveCfg = Release|Any CPU
		{0152C6E6-E185-4303-8309-AC771F53BACC}.Release|Any CPU.Build.0 = Release|Any CPU
		{64D1A525-41B9-4C47-B6F2-D989A0019EA6}.Debug|Any CPU.ActiveCfg = Debug|Any CPU
		{64D1A525-41B9-4C47-B6F2-D989A0019EA6}.Debug|Any CPU.Build.0 = Debug|Any CPU
		{64D1A525-41B9-4C47-B6F2-D989A0019EA6}.Release|Any CPU.ActiveCfg = Release|Any CPU
		{64D1A525-41B9-4C47-B6F2-D989A0019EA6}.Release|Any CPU.Build.0 = Release|Any CPU
	EndGlobalSection
	GlobalSection(SolutionProperties) = preSolution
		HideSolutionNode = FALSE
	EndGlobalSection
	GlobalSection(ExtensibilityGlobals) = postSolution
		SolutionGuid = {F121A3E9-2A07-4317-BD97-5E9F34318A33}
	EndGlobalSection
EndGlobal
